
Microsoft Visual Studio Solution File, Format Version 12.00
# Visual Studio Version 16
VisualStudioVersion = 16.0.31025.194
MinimumVisualStudioVersion = 10.0.40219.1
Project("{8BC9CEB8-8B4A-11D0-8D11-00A0C91BC942}") = "Sandbox", "Sandbox\Sandbox.vcxproj", "{75168797-8ACE-4634-9E06-61AD894D73C0}"
EndProject
Project("{8BC9CEB8-8B4A-11D0-8D11-00A0C91BC942}") = "VoxelEngine", "VoxelEngine\VoxelEngine.vcxproj", "{7A18B011-BCF1-4574-B44B-01D54B81B93D}"
EndProject
Global
	GlobalSection(SolutionConfigurationPlatforms) = preSolution
		Debug|x64 = Debug|x64
		Release|x64 = Release|x64
	EndGlobalSection
	GlobalSection(ProjectConfigurationPlatforms) = postSolution
		{7A18B011-BCF1-4574-B44B-01D54B81B93D}.Debug|x64.ActiveCfg = Debug|x64
		{7A18B011-BCF1-4574-B44B-01D54B81B93D}.Debug|x64.Build.0 = Debug|x64
		{7A18B011-BCF1-4574-B44B-01D54B81B93D}.Release|x64.ActiveCfg = Release|x64
		{7A18B011-BCF1-4574-B44B-01D54B81B93D}.Release|x64.Build.0 = Release|x64
		{75168797-8ACE-4634-9E06-61AD894D73C0}.Debug|x64.ActiveCfg = Debug|x64
		{75168797-8ACE-4634-9E06-61AD894D73C0}.Debug|x64.Build.0 = Debug|x64
		{75168797-8ACE-4634-9E06-61AD894D73C0}.Release|x64.ActiveCfg = Release|x64
		{75168797-8ACE-4634-9E06-61AD894D73C0}.Release|x64.Build.0 = Release|x64
	EndGlobalSection
	GlobalSection(SolutionProperties) = preSolution
		HideSolutionNode = FALSE
	EndGlobalSection
	GlobalSection(ExtensibilityGlobals) = postSolution
		SolutionGuid = {378CF439-926A-4F33-8C38-775C061F18D3}
	EndGlobalSection
EndGlobal
